
Microsoft Visual Studio Solution File, Format Version 12.00
# Visual Studio Version 17
VisualStudioVersion = 17.0.31912.275
MinimumVisualStudioVersion = 10.0.40219.1
Project("{FAE04EC0-301F-11D3-BF4B-00C04F79EFBC}") = "OnlineShop", "OnlineShop\OnlineShop.csproj", "{B7B33A61-21C2-4B34-B712-CAE0D5359DE9}"
EndProject
Global
	GlobalSection(SolutionConfigurationPlatforms) = preSolution
		Debug|Any CPU = Debug|Any CPU
		Release|Any CPU = Release|Any CPU
	EndGlobalSection
	GlobalSection(ProjectConfigurationPlatforms) = postSolution
		{B7B33A61-21C2-4B34-B712-CAE0D5359DE9}.Debug|Any CPU.ActiveCfg = Debug|Any CPU
		{B7B33A61-21C2-4B34-B712-CAE0D5359DE9}.Debug|Any CPU.Build.0 = Debug|Any CPU
		{B7B33A61-21C2-4B34-B712-CAE0D5359DE9}.Release|Any CPU.ActiveCfg = Release|Any CPU
		{B7B33A61-21C2-4B34-B712-CAE0D5359DE9}.Release|Any CPU.Build.0 = Release|Any CPU
	EndGlobalSection
	GlobalSection(SolutionProperties) = preSolution
		HideSolutionNode = FALSE
	EndGlobalSection
	GlobalSection(ExtensibilityGlobals) = postSolution
		SolutionGuid = {F7455B46-95FE-4F3E-929A-542241BAD3B6}
	EndGlobalSection
EndGlobal
